// !$*UTF8*$!
{
	archiveVersion = 1;
	classes = {
	};
	objectVersion = 50;
	objects = {

/* Begin PBXBuildFile section */
		4F07B951AFBC57BC083D3F2E /* libPods-JLPushFlow.a in Frameworks */ = {isa = PBXBuildFile; fileRef = 91966C1ABEA6E51CA60501D3 /* libPods-JLPushFlow.a */; };
		A75E4267219AFE0300DEB32A /* SVProgressHUD+HUDTools.m in Sources */ = {isa = PBXBuildFile; fileRef = A75E4266219AFE0300DEB32A /* SVProgressHUD+HUDTools.m */; };
		A75E426F219AFF7800DEB32A /* JLLiveVC.m in Sources */ = {isa = PBXBuildFile; fileRef = A75E426E219AFF7800DEB32A /* JLLiveVC.m */; };
		CAA51AB1B732E167948EDCBB /* libPods-JLPushFlowUITests.a in Frameworks */ = {isa = PBXBuildFile; fileRef = E0154B644D84373BBF60EAA8 /* libPods-JLPushFlowUITests.a */; };
		F6451A14219AB22100DE90B1 /* AppDelegate.m in Sources */ = {isa = PBXBuildFile; fileRef = F6451A13219AB22100DE90B1 /* AppDelegate.m */; };
		F6451A17219AB22100DE90B1 /* ViewController.m in Sources */ = {isa = PBXBuildFile; fileRef = F6451A16219AB22100DE90B1 /* ViewController.m */; };
		F6451A1A219AB22100DE90B1 /* Main.storyboard in Resources */ = {isa = PBXBuildFile; fileRef = F6451A18219AB22100DE90B1 /* Main.storyboard */; };
		F6451A1C219AB22300DE90B1 /* Assets.xcassets in Resources */ = {isa = PBXBuildFile; fileRef = F6451A1B219AB22300DE90B1 /* Assets.xcassets */; };
		F6451A1F219AB22300DE90B1 /* LaunchScreen.storyboard in Resources */ = {isa = PBXBuildFile; fileRef = F6451A1D219AB22300DE90B1 /* LaunchScreen.storyboard */; };
		F6451A22219AB22300DE90B1 /* main.m in Sources */ = {isa = PBXBuildFile; fileRef = F6451A21219AB22300DE90B1 /* main.m */; };
		F6451A2C219AB22300DE90B1 /* JLPushFlowUITests.m in Sources */ = {isa = PBXBuildFile; fileRef = F6451A2B219AB22300DE90B1 /* JLPushFlowUITests.m */; };
/* End PBXBuildFile section */

/* Begin PBXContainerItemProxy section */
		F6451A28219AB22300DE90B1 /* PBXContainerItemProxy */ = {
			isa = PBXContainerItemProxy;
			containerPortal = F6451A07219AB22100DE90B1 /* Project object */;
			proxyType = 1;
			remoteGlobalIDString = F6451A0E219AB22100DE90B1;
			remoteInfo = JLPushFlow;
		};
/* End PBXContainerItemProxy section */

/* Begin PBXFileReference section */
		7C6B1B85BE8FDE8F88DD72CF /* Pods-JLPushFlowUITests.release.xcconfig */ = {isa = PBXFileReference; includeInIndex = 1; lastKnownFileType = text.xcconfig; name = "Pods-JLPushFlowUITests.release.xcconfig"; path = "Pods/Target Support Files/Pods-JLPushFlowUITests/Pods-JLPushFlowUITests.release.xcconfig"; sourceTree = "<group>"; };
		91966C1ABEA6E51CA60501D3 /* libPods-JLPushFlow.a */ = {isa = PBXFileReference; explicitFileType = archive.ar; includeInIndex = 0; path = "libPods-JLPushFlow.a"; sourceTree = BUILT_PRODUCTS_DIR; };
		A75E4265219AFE0300DEB32A /* SVProgressHUD+HUDTools.h */ = {isa = PBXFileReference; fileEncoding = 4; lastKnownFileType = sourcecode.c.h; path = "SVProgressHUD+HUDTools.h"; sourceTree = "<group>"; };
		A75E4266219AFE0300DEB32A /* SVProgressHUD+HUDTools.m */ = {isa = PBXFileReference; fileEncoding = 4; lastKnownFileType = sourcecode.c.objc; path = "SVProgressHUD+HUDTools.m"; sourceTree = "<group>"; };
		A75E426D219AFF7800DEB32A /* JLLiveVC.h */ = {isa = PBXFileReference; lastKnownFileType = sourcecode.c.h; path = JLLiveVC.h; sourceTree = "<group>"; };
		A75E426E219AFF7800DEB32A /* JLLiveVC.m */ = {isa = PBXFileReference; lastKnownFileType = sourcecode.c.objc; path = JLLiveVC.m; sourceTree = "<group>"; };
		B09F6B1D34EF5C4731A69052 /* Pods-JLPushFlow.debug.xcconfig */ = {isa = PBXFileReference; includeInIndex = 1; lastKnownFileType = text.xcconfig; name = "Pods-JLPushFlow.debug.xcconfig"; path = "Pods/Target Support Files/Pods-JLPushFlow/Pods-JLPushFlow.debug.xcconfig"; sourceTree = "<group>"; };
		BA0788694D4E2EE41316BBC1 /* Pods-JLPushFlow.release.xcconfig */ = {isa = PBXFileReference; includeInIndex = 1; lastKnownFileType = text.xcconfig; name = "Pods-JLPushFlow.release.xcconfig"; path = "Pods/Target Support Files/Pods-JLPushFlow/Pods-JLPushFlow.release.xcconfig"; sourceTree = "<group>"; };
		CBEDBCF7CA0AD22E328C88AD /* Pods-JLPushFlowUITests.debug.xcconfig */ = {isa = PBXFileReference; includeInIndex = 1; lastKnownFileType = text.xcconfig; name = "Pods-JLPushFlowUITests.debug.xcconfig"; path = "Pods/Target Support Files/Pods-JLPushFlowUITests/Pods-JLPushFlowUITests.debug.xcconfig"; sourceTree = "<group>"; };
		E0154B644D84373BBF60EAA8 /* libPods-JLPushFlowUITests.a */ = {isa = PBXFileReference; explicitFileType = archive.ar; includeInIndex = 0; path = "libPods-JLPushFlowUITests.a"; sourceTree = BUILT_PRODUCTS_DIR; };
		F6451A0F219AB22100DE90B1 /* JLPushFlow.app */ = {isa = PBXFileReference; explicitFileType = wrapper.application; includeInIndex = 0; path = JLPushFlow.app; sourceTree = BUILT_PRODUCTS_DIR; };
		F6451A12219AB22100DE90B1 /* AppDelegate.h */ = {isa = PBXFileReference; lastKnownFileType = sourcecode.c.h; path = AppDelegate.h; sourceTree = "<group>"; };
		F6451A13219AB22100DE90B1 /* AppDelegate.m */ = {isa = PBXFileReference; lastKnownFileType = sourcecode.c.objc; path = AppDelegate.m; sourceTree = "<group>"; };
		F6451A15219AB22100DE90B1 /* ViewController.h */ = {isa = PBXFileReference; lastKnownFileType = sourcecode.c.h; path = ViewController.h; sourceTree = "<group>"; };
		F6451A16219AB22100DE90B1 /* ViewController.m */ = {isa = PBXFileReference; lastKnownFileType = sourcecode.c.objc; path = ViewController.m; sourceTree = "<group>"; };
		F6451A19219AB22100DE90B1 /* Base */ = {isa = PBXFileReference; lastKnownFileType = file.storyboard; name = Base; path = Base.lproj/Main.storyboard; sourceTree = "<group>"; };
		F6451A1B219AB22300DE90B1 /* Assets.xcassets */ = {isa = PBXFileReference; lastKnownFileType = folder.assetcatalog; path = Assets.xcassets; sourceTree = "<group>"; };
		F6451A1E219AB22300DE90B1 /* Base */ = {isa = PBXFileReference; lastKnownFileType = file.storyboard; name = Base; path = Base.lproj/LaunchScreen.storyboard; sourceTree = "<group>"; };
		F6451A20219AB22300DE90B1 /* Info.plist */ = {isa = PBXFileReference; lastKnownFileType = text.plist.xml; path = Info.plist; sourceTree = "<group>"; };
		F6451A21219AB22300DE90B1 /* main.m */ = {isa = PBXFileReference; lastKnownFileType = sourcecode.c.objc; path = main.m; sourceTree = "<group>"; };
		F6451A27219AB22300DE90B1 /* JLPushFlowUITests.xctest */ = {isa = PBXFileReference; explicitFileType = wrapper.cfbundle; includeInIndex = 0; path = JLPushFlowUITests.xctest; sourceTree = BUILT_PRODUCTS_DIR; };
		F6451A2B219AB22300DE90B1 /* JLPushFlowUITests.m */ = {isa = PBXFileReference; lastKnownFileType = sourcecode.c.objc; path = JLPushFlowUITests.m; sourceTree = "<group>"; };
		F6451A2D219AB22300DE90B1 /* Info.plist */ = {isa = PBXFileReference; lastKnownFileType = text.plist.xml; path = Info.plist; sourceTree = "<group>"; };
/* End PBXFileReference section */

/* Begin PBXFrameworksBuildPhase section */
		F6451A0C219AB22100DE90B1 /* Frameworks */ = {
			isa = PBXFrameworksBuildPhase;
			buildActionMask = 2147483647;
			files = (
				4F07B951AFBC57BC083D3F2E /* libPods-JLPushFlow.a in Frameworks */,
			);
			runOnlyForDeploymentPostprocessing = 0;
		};
		F6451A24219AB22300DE90B1 /* Frameworks */ = {
			isa = PBXFrameworksBuildPhase;
			buildActionMask = 2147483647;
			files = (
				CAA51AB1B732E167948EDCBB /* libPods-JLPushFlowUITests.a in Frameworks */,
			);
			runOnlyForDeploymentPostprocessing = 0;
		};
/* End PBXFrameworksBuildPhase section */

/* Begin PBXGroup section */
		4B2C72F7F983304EBB792BAB /* Pods */ = {
			isa = PBXGroup;
			children = (
				B09F6B1D34EF5C4731A69052 /* Pods-JLPushFlow.debug.xcconfig */,
				BA0788694D4E2EE41316BBC1 /* Pods-JLPushFlow.release.xcconfig */,
				CBEDBCF7CA0AD22E328C88AD /* Pods-JLPushFlowUITests.debug.xcconfig */,
				7C6B1B85BE8FDE8F88DD72CF /* Pods-JLPushFlowUITests.release.xcconfig */,
			);
			name = Pods;
			sourceTree = "<group>";
		};
		754848BB5E98A876B9914A3D /* Frameworks */ = {
			isa = PBXGroup;
			children = (
				91966C1ABEA6E51CA60501D3 /* libPods-JLPushFlow.a */,
				E0154B644D84373BBF60EAA8 /* libPods-JLPushFlowUITests.a */,
			);
			name = Frameworks;
			sourceTree = "<group>";
		};
		A75E4263219AFE0300DEB32A /* Until */ = {
			isa = PBXGroup;
			children = (
				A75E4270219B0A7E00DEB32A /* Thirds */,
				A75E4264219AFE0300DEB32A /* Category */,
			);
			path = Until;
			sourceTree = "<group>";
		};
		A75E4264219AFE0300DEB32A /* Category */ = {
			isa = PBXGroup;
			children = (
				A75E4265219AFE0300DEB32A /* SVProgressHUD+HUDTools.h */,
				A75E4266219AFE0300DEB32A /* SVProgressHUD+HUDTools.m */,
			);
			path = Category;
			sourceTree = "<group>";
		};
		A75E426C219AFE7800DEB32A /* Controllers */ = {
			isa = PBXGroup;
			children = (
				F6451A15219AB22100DE90B1 /* ViewController.h */,
				F6451A16219AB22100DE90B1 /* ViewController.m */,
				A75E426D219AFF7800DEB32A /* JLLiveVC.h */,
				A75E426E219AFF7800DEB32A /* JLLiveVC.m */,
			);
			path = Controllers;
			sourceTree = "<group>";
		};
		A75E4270219B0A7E00DEB32A /* Thirds */ = {
			isa = PBXGroup;
			children = (
			);
			path = Thirds;
			sourceTree = "<group>";
		};
		F6451A06219AB22100DE90B1 = {
			isa = PBXGroup;
			children = (
				F6451A11219AB22100DE90B1 /* JLPushFlow */,
				F6451A2A219AB22300DE90B1 /* JLPushFlowUITests */,
				F6451A10219AB22100DE90B1 /* Products */,
				4B2C72F7F983304EBB792BAB /* Pods */,
				754848BB5E98A876B9914A3D /* Frameworks */,
			);
			sourceTree = "<group>";
		};
		F6451A10219AB22100DE90B1 /* Products */ = {
			isa = PBXGroup;
			children = (
				F6451A0F219AB22100DE90B1 /* JLPushFlow.app */,
				F6451A27219AB22300DE90B1 /* JLPushFlowUITests.xctest */,
			);
			name = Products;
			sourceTree = "<group>";
		};
		F6451A11219AB22100DE90B1 /* JLPushFlow */ = {
			isa = PBXGroup;
			children = (
				F6451A12219AB22100DE90B1 /* AppDelegate.h */,
				F6451A13219AB22100DE90B1 /* AppDelegate.m */,
				A75E426C219AFE7800DEB32A /* Controllers */,
				A75E4263219AFE0300DEB32A /* Until */,
				F6451A3B219AC11300DE90B1 /* Views */,
				F6451A18219AB22100DE90B1 /* Main.storyboard */,
				F6451A1B219AB22300DE90B1 /* Assets.xcassets */,
				F6451A1D219AB22300DE90B1 /* LaunchScreen.storyboard */,
				F6451A20219AB22300DE90B1 /* Info.plist */,
				F6451A21219AB22300DE90B1 /* main.m */,
			);
			path = JLPushFlow;
			sourceTree = "<group>";
		};
		F6451A2A219AB22300DE90B1 /* JLPushFlowUITests */ = {
			isa = PBXGroup;
			children = (
				F6451A2B219AB22300DE90B1 /* JLPushFlowUITests.m */,
				F6451A2D219AB22300DE90B1 /* Info.plist */,
			);
			path = JLPushFlowUITests;
			sourceTree = "<group>";
		};
		F6451A3B219AC11300DE90B1 /* Views */ = {
			isa = PBXGroup;
			children = (
			);
			name = Views;
			sourceTree = "<group>";
		};
/* End PBXGroup section */

/* Begin PBXNativeTarget section */
		F6451A0E219AB22100DE90B1 /* JLPushFlow */ = {
			isa = PBXNativeTarget;
			buildConfigurationList = F6451A30219AB22300DE90B1 /* Build configuration list for PBXNativeTarget "JLPushFlow" */;
			buildPhases = (
				2C9784AE5AA7B08D0E1DB570 /* [CP] Check Pods Manifest.lock */,
				F6451A0B219AB22100DE90B1 /* Sources */,
				F6451A0C219AB22100DE90B1 /* Frameworks */,
				F6451A0D219AB22100DE90B1 /* Resources */,
				9249A80279A384AF74015E7D /* [CP] Copy Pods Resources */,
			);
			buildRules = (
			);
			dependencies = (
			);
			name = JLPushFlow;
			productName = JLPushFlow;
			productReference = F6451A0F219AB22100DE90B1 /* JLPushFlow.app */;
			productType = "com.apple.product-type.application";
		};
		F6451A26219AB22300DE90B1 /* JLPushFlowUITests */ = {
			isa = PBXNativeTarget;
			buildConfigurationList = F6451A33219AB22300DE90B1 /* Build configuration list for PBXNativeTarget "JLPushFlowUITests" */;
			buildPhases = (
				EFB20FC6B5A8F0BA1AF385E3 /* [CP] Check Pods Manifest.lock */,
				F6451A23219AB22300DE90B1 /* Sources */,
				F6451A24219AB22300DE90B1 /* Frameworks */,
				F6451A25219AB22300DE90B1 /* Resources */,
			);
			buildRules = (
			);
			dependencies = (
				F6451A29219AB22300DE90B1 /* PBXTargetDependency */,
			);
			name = JLPushFlowUITests;
			productName = JLPushFlowUITests;
			productReference = F6451A27219AB22300DE90B1 /* JLPushFlowUITests.xctest */;
			productType = "com.apple.product-type.bundle.ui-testing";
		};
/* End PBXNativeTarget section */

/* Begin PBXProject section */
		F6451A07219AB22100DE90B1 /* Project object */ = {
			isa = PBXProject;
			attributes = {
				LastUpgradeCheck = 1010;
				ORGANIZATIONNAME = Long;
				TargetAttributes = {
					F6451A0E219AB22100DE90B1 = {
						CreatedOnToolsVersion = 10.1;
					};
					F6451A26219AB22300DE90B1 = {
						CreatedOnToolsVersion = 10.1;
						TestTargetID = F6451A0E219AB22100DE90B1;
					};
				};
			};
			buildConfigurationList = F6451A0A219AB22100DE90B1 /* Build configuration list for PBXProject "JLPushFlow" */;
			compatibilityVersion = "Xcode 9.3";
			developmentRegion = en;
			hasScannedForEncodings = 0;
			knownRegions = (
				en,
				Base,
			);
			mainGroup = F6451A06219AB22100DE90B1;
			productRefGroup = F6451A10219AB22100DE90B1 /* Products */;
			projectDirPath = "";
			projectRoot = "";
			targets = (
				F6451A0E219AB22100DE90B1 /* JLPushFlow */,
				F6451A26219AB22300DE90B1 /* JLPushFlowUITests */,
			);
		};
/* End PBXProject section */

/* Begin PBXResourcesBuildPhase section */
		F6451A0D219AB22100DE90B1 /* Resources */ = {
			isa = PBXResourcesBuildPhase;
			buildActionMask = 2147483647;
			files = (
				F6451A1F219AB22300DE90B1 /* LaunchScreen.storyboard in Resources */,
				F6451A1C219AB22300DE90B1 /* Assets.xcassets in Resources */,
				F6451A1A219AB22100DE90B1 /* Main.storyboard in Resources */,
			);
			runOnlyForDeploymentPostprocessing = 0;
		};
		F6451A25219AB22300DE90B1 /* Resources */ = {
			isa = PBXResourcesBuildPhase;
			buildActionMask = 2147483647;
			files = (
			);
			runOnlyForDeploymentPostprocessing = 0;
		};
/* End PBXResourcesBuildPhase section */

/* Begin PBXShellScriptBuildPhase section */
		2C9784AE5AA7B08D0E1DB570 /* [CP] Check Pods Manifest.lock */ = {
			isa = PBXShellScriptBuildPhase;
			buildActionMask = 2147483647;
			files = (
			);
			inputPaths = (
				"${PODS_PODFILE_DIR_PATH}/Podfile.lock",
				"${PODS_ROOT}/Manifest.lock",
			);
			name = "[CP] Check Pods Manifest.lock";
			outputPaths = (
				"$(DERIVED_FILE_DIR)/Pods-JLPushFlow-checkManifestLockResult.txt",
			);
			runOnlyForDeploymentPostprocessing = 0;
			shellPath = /bin/sh;
			shellScript = "diff \"${PODS_PODFILE_DIR_PATH}/Podfile.lock\" \"${PODS_ROOT}/Manifest.lock\" > /dev/null\nif [ $? != 0 ] ; then\n    # print error to STDERR\n    echo \"error: The sandbox is not in sync with the Podfile.lock. Run 'pod install' or update your CocoaPods installation.\" >&2\n    exit 1\nfi\n# This output is used by Xcode 'outputs' to avoid re-running this script phase.\necho \"SUCCESS\" > \"${SCRIPT_OUTPUT_FILE_0}\"\n";
			showEnvVarsInLog = 0;
		};
		9249A80279A384AF74015E7D /* [CP] Copy Pods Resources */ = {
			isa = PBXShellScriptBuildPhase;
			buildActionMask = 2147483647;
			files = (
			);
			inputPaths = (
				"${SRCROOT}/Pods/Target Support Files/Pods-JLPushFlow/Pods-JLPushFlow-resources.sh",
				"${PODS_ROOT}/SVProgressHUD/SVProgressHUD/SVProgressHUD.bundle",
			);
			name = "[CP] Copy Pods Resources";
			outputPaths = (
				"${TARGET_BUILD_DIR}/${UNLOCALIZED_RESOURCES_FOLDER_PATH}/SVProgressHUD.bundle",
			);
			runOnlyForDeploymentPostprocessing = 0;
			shellPath = /bin/sh;
			shellScript = "\"${SRCROOT}/Pods/Target Support Files/Pods-JLPushFlow/Pods-JLPushFlow-resources.sh\"\n";
			showEnvVarsInLog = 0;
		};
		EFB20FC6B5A8F0BA1AF385E3 /* [CP] Check Pods Manifest.lock */ = {
			isa = PBXShellScriptBuildPhase;
			buildActionMask = 2147483647;
			files = (
			);
			inputPaths = (
				"${PODS_PODFILE_DIR_PATH}/Podfile.lock",
				"${PODS_ROOT}/Manifest.lock",
			);
			name = "[CP] Check Pods Manifest.lock";
			outputPaths = (
				"$(DERIVED_FILE_DIR)/Pods-JLPushFlowUITests-checkManifestLockResult.txt",
			);
			runOnlyForDeploymentPostprocessing = 0;
			shellPath = /bin/sh;
			shellScript = "diff \"${PODS_PODFILE_DIR_PATH}/Podfile.lock\" \"${PODS_ROOT}/Manifest.lock\" > /dev/null\nif [ $? != 0 ] ; then\n    # print error to STDERR\n    echo \"error: The sandbox is not in sync with the Podfile.lock. Run 'pod install' or update your CocoaPods installation.\" >&2\n    exit 1\nfi\n# This output is used by Xcode 'outputs' to avoid re-running this script phase.\necho \"SUCCESS\" > \"${SCRIPT_OUTPUT_FILE_0}\"\n";
			showEnvVarsInLog = 0;
		};
/* End PBXShellScriptBuildPhase section */

/* Begin PBXSourcesBuildPhase section */
		F6451A0B219AB22100DE90B1 /* Sources */ = {
			isa = PBXSourcesBuildPhase;
			buildActionMask = 2147483647;
			files = (
				F6451A17219AB22100DE90B1 /* ViewController.m in Sources */,
				A75E426F219AFF7800DEB32A /* JLLiveVC.m in Sources */,
				F6451A22219AB22300DE90B1 /* main.m in Sources */,
				F6451A14219AB22100DE90B1 /* AppDelegate.m in Sources */,
				A75E4267219AFE0300DEB32A /* SVProgressHUD+HUDTools.m in Sources */,
			);
			runOnlyForDeploymentPostprocessing = 0;
		};
		F6451A23219AB22300DE90B1 /* Sources */ = {
			isa = PBXSourcesBuildPhase;
			buildActionMask = 2147483647;
			files = (
				F6451A2C219AB22300DE90B1 /* JLPushFlowUITests.m in Sources */,
			);
			runOnlyForDeploymentPostprocessing = 0;
		};
/* End PBXSourcesBuildPhase section */

/* Begin PBXTargetDependency section */
		F6451A29219AB22300DE90B1 /* PBXTargetDependency */ = {
			isa = PBXTargetDependency;
			target = F6451A0E219AB22100DE90B1 /* JLPushFlow */;
			targetProxy = F6451A28219AB22300DE90B1 /* PBXContainerItemProxy */;
		};
/* End PBXTargetDependency section */

/* Begin PBXVariantGroup section */
		F6451A18219AB22100DE90B1 /* Main.storyboard */ = {
			isa = PBXVariantGroup;
			children = (
				F6451A19219AB22100DE90B1 /* Base */,
			);
			name = Main.storyboard;
			sourceTree = "<group>";
		};
		F6451A1D219AB22300DE90B1 /* LaunchScreen.storyboard */ = {
			isa = PBXVariantGroup;
			children = (
				F6451A1E219AB22300DE90B1 /* Base */,
			);
			name = LaunchScreen.storyboard;
			sourceTree = "<group>";
		};
/* End PBXVariantGroup section */

/* Begin XCBuildConfiguration section */
		F6451A2E219AB22300DE90B1 /* Debug */ = {
			isa = XCBuildConfiguration;
			buildSettings = {
				ALWAYS_SEARCH_USER_PATHS = NO;
				CLANG_ANALYZER_NONNULL = YES;
				CLANG_ANALYZER_NUMBER_OBJECT_CONVERSION = YES_AGGRESSIVE;
				CLANG_CXX_LANGUAGE_STANDARD = "gnu++14";
				CLANG_CXX_LIBRARY = "libc++";
				CLANG_ENABLE_MODULES = YES;
				CLANG_ENABLE_OBJC_ARC = YES;
				CLANG_ENABLE_OBJC_WEAK = YES;
				CLANG_WARN_BLOCK_CAPTURE_AUTORELEASING = YES;
				CLANG_WARN_BOOL_CONVERSION = YES;
				CLANG_WARN_COMMA = YES;
				CLANG_WARN_CONSTANT_CONVERSION = YES;
				CLANG_WARN_DEPRECATED_OBJC_IMPLEMENTATIONS = YES;
				CLANG_WARN_DIRECT_OBJC_ISA_USAGE = YES_ERROR;
				CLANG_WARN_DOCUMENTATION_COMMENTS = YES;
				CLANG_WARN_EMPTY_BODY = YES;
				CLANG_WARN_ENUM_CONVERSION = YES;
				CLANG_WARN_INFINITE_RECURSION = YES;
				CLANG_WARN_INT_CONVERSION = YES;
				CLANG_WARN_NON_LITERAL_NULL_CONVERSION = YES;
				CLANG_WARN_OBJC_IMPLICIT_RETAIN_SELF = YES;
				CLANG_WARN_OBJC_LITERAL_CONVERSION = YES;
				CLANG_WARN_OBJC_ROOT_CLASS = YES_ERROR;
				CLANG_WARN_RANGE_LOOP_ANALYSIS = YES;
				CLANG_WARN_STRICT_PROTOTYPES = YES;
				CLANG_WARN_SUSPICIOUS_MOVE = YES;
				CLANG_WARN_UNGUARDED_AVAILABILITY = YES_AGGRESSIVE;
				CLANG_WARN_UNREACHABLE_CODE = YES;
				CLANG_WARN__DUPLICATE_METHOD_MATCH = YES;
				CODE_SIGN_IDENTITY = "iPhone Developer";
				COPY_PHASE_STRIP = NO;
				DEBUG_INFORMATION_FORMAT = dwarf;
				ENABLE_STRICT_OBJC_MSGSEND = YES;
				ENABLE_TESTABILITY = YES;
				GCC_C_LANGUAGE_STANDARD = gnu11;
				GCC_DYNAMIC_NO_PIC = NO;
				GCC_NO_COMMON_BLOCKS = YES;
				GCC_OPTIMIZATION_LEVEL = 0;
				GCC_PREPROCESSOR_DEFINITIONS = (
					"DEBUG=1",
					"$(inherited)",
				);
				GCC_WARN_64_TO_32_BIT_CONVERSION = YES;
				GCC_WARN_ABOUT_RETURN_TYPE = YES_ERROR;
				GCC_WARN_UNDECLARED_SELECTOR = YES;
				GCC_WARN_UNINITIALIZED_AUTOS = YES_AGGRESSIVE;
				GCC_WARN_UNUSED_FUNCTION = YES;
				GCC_WARN_UNUSED_VARIABLE = YES;
				IPHONEOS_DEPLOYMENT_TARGET = 12.1;
				MTL_ENABLE_DEBUG_INFO = INCLUDE_SOURCE;
				MTL_FAST_MATH = YES;
				ONLY_ACTIVE_ARCH = YES;
				SDKROOT = iphoneos;
			};
			name = Debug;
		};
		F6451A2F219AB22300DE90B1 /* Release */ = {
			isa = XCBuildConfiguration;
			buildSettings = {
				ALWAYS_SEARCH_USER_PATHS = NO;
				CLANG_ANALYZER_NONNULL = YES;
				CLANG_ANALYZER_NUMBER_OBJECT_CONVERSION = YES_AGGRESSIVE;
				CLANG_CXX_LANGUAGE_STANDARD = "gnu++14";
				CLANG_CXX_LIBRARY = "libc++";
				CLANG_ENABLE_MODULES = YES;
				CLANG_ENABLE_OBJC_ARC = YES;
				CLANG_ENABLE_OBJC_WEAK = YES;
				CLANG_WARN_BLOCK_CAPTURE_AUTORELEASING = YES;
				CLANG_WARN_BOOL_CONVERSION = YES;
				CLANG_WARN_COMMA = YES;
				CLANG_WARN_CONSTANT_CONVERSION = YES;
				CLANG_WARN_DEPRECATED_OBJC_IMPLEMENTATIONS = YES;
				CLANG_WARN_DIRECT_OBJC_ISA_USAGE = YES_ERROR;
				CLANG_WARN_DOCUMENTATION_COMMENTS = YES;
				CLANG_WARN_EMPTY_BODY = YES;
				CLANG_WARN_ENUM_CONVERSION = YES;
				CLANG_WARN_INFINITE_RECURSION = YES;
				CLANG_WARN_INT_CONVERSION = YES;
				CLANG_WARN_NON_LITERAL_NULL_CONVERSION = YES;
				CLANG_WARN_OBJC_IMPLICIT_RETAIN_SELF = YES;
				CLANG_WARN_OBJC_LITERAL_CONVERSION = YES;
				CLANG_WARN_OBJC_ROOT_CLASS = YES_ERROR;
				CLANG_WARN_RANGE_LOOP_ANALYSIS = YES;
				CLANG_WARN_STRICT_PROTOTYPES = YES;
				CLANG_WARN_SUSPICIOUS_MOVE = YES;
				CLANG_WARN_UNGUARDED_AVAILABILITY = YES_AGGRESSIVE;
				CLANG_WARN_UNREACHABLE_CODE = YES;
				CLANG_WARN__DUPLICATE_METHOD_MATCH = YES;
				CODE_SIGN_IDENTITY = "iPhone Developer";
				COPY_PHASE_STRIP = NO;
				DEBUG_INFORMATION_FORMAT = "dwarf-with-dsym";
				ENABLE_NS_ASSERTIONS = NO;
				ENABLE_STRICT_OBJC_MSGSEND = YES;
				GCC_C_LANGUAGE_STANDARD = gnu11;
				GCC_NO_COMMON_BLOCKS = YES;
				GCC_WARN_64_TO_32_BIT_CONVERSION = YES;
				GCC_WARN_ABOUT_RETURN_TYPE = YES_ERROR;
				GCC_WARN_UNDECLARED_SELECTOR = YES;
				GCC_WARN_UNINITIALIZED_AUTOS = YES_AGGRESSIVE;
				GCC_WARN_UNUSED_FUNCTION = YES;
				GCC_WARN_UNUSED_VARIABLE = YES;
				IPHONEOS_DEPLOYMENT_TARGET = 12.1;
				MTL_ENABLE_DEBUG_INFO = NO;
				MTL_FAST_MATH = YES;
				SDKROOT = iphoneos;
				VALIDATE_PRODUCT = YES;
			};
			name = Release;
		};
		F6451A31219AB22300DE90B1 /* Debug */ = {
			isa = XCBuildConfiguration;
			baseConfigurationReference = B09F6B1D34EF5C4731A69052 /* Pods-JLPushFlow.debug.xcconfig */;
			buildSettings = {
				ASSETCATALOG_COMPILER_APPICON_NAME = AppIcon;
				CODE_SIGN_STYLE = Automatic;
				DEVELOPMENT_TEAM = 73LQSTB9J3;
				INFOPLIST_FILE = JLPushFlow/Info.plist;
				LD_RUNPATH_SEARCH_PATHS = (
					"$(inherited)",
					"@executable_path/Frameworks",
				);
				PRODUCT_BUNDLE_IDENTIFIER = Long.JLPushFlow;
				PRODUCT_NAME = "$(TARGET_NAME)";
				TARGETED_DEVICE_FAMILY = "1,2";
			};
			name = Debug;
		};
		F6451A32219AB22300DE90B1 /* Release */ = {
			isa = XCBuildConfiguration;
			baseConfigurationReference = BA0788694D4E2EE41316BBC1 /* Pods-JLPushFlow.release.xcconfig */;
			buildSettings = {
				ASSETCATALOG_COMPILER_APPICON_NAME = AppIcon;
				CODE_SIGN_STYLE = Automatic;
				DEVELOPMENT_TEAM = 73LQSTB9J3;
				INFOPLIST_FILE = JLPushFlow/Info.plist;
				LD_RUNPATH_SEARCH_PATHS = (
					"$(inherited)",
					"@executable_path/Frameworks",
				);
				PRODUCT_BUNDLE_IDENTIFIER = Long.JLPushFlow;
				PRODUCT_NAME = "$(TARGET_NAME)";
				TARGETED_DEVICE_FAMILY = "1,2";
			};
			name = Release;
		};
		F6451A34219AB22300DE90B1 /* Debug */ = {
			isa = XCBuildConfiguration;
			baseConfigurationReference = CBEDBCF7CA0AD22E328C88AD /* Pods-JLPushFlowUITests.debug.xcconfig */;
			buildSettings = {
				CODE_SIGN_STYLE = Automatic;
				DEVELOPMENT_TEAM = 73LQSTB9J3;
				INFOPLIST_FILE = JLPushFlowUITests/Info.plist;
				LD_RUNPATH_SEARCH_PATHS = (
					"$(inherited)",
					"@executable_path/Frameworks",
					"@loader_path/Frameworks",
				);
				PRODUCT_BUNDLE_IDENTIFIER = Long.JLPushFlowUITests;
				PRODUCT_NAME = "$(TARGET_NAME)";
				TARGETED_DEVICE_FAMILY = "1,2";
				TEST_TARGET_NAME = JLPushFlow;
			};
			name = Debug;
		};
		F6451A35219AB22300DE90B1 /* Release */ = {
			isa = XCBuildConfiguration;
			baseConfigurationReference = 7C6B1B85BE8FDE8F88DD72CF /* Pods-JLPushFlowUITests.release.xcconfig */;
			buildSettings = {
				CODE_SIGN_STYLE = Automatic;
				DEVELOPMENT_TEAM = 73LQSTB9J3;
				INFOPLIST_FILE = JLPushFlowUITests/Info.plist;
				LD_RUNPATH_SEARCH_PATHS = (
					"$(inherited)",
					"@executable_path/Frameworks",
					"@loader_path/Frameworks",
				);
				PRODUCT_BUNDLE_IDENTIFIER = Long.JLPushFlowUITests;
				PRODUCT_NAME = "$(TARGET_NAME)";
				TARGETED_DEVICE_FAMILY = "1,2";
				TEST_TARGET_NAME = JLPushFlow;
			};
			name = Release;
		};
/* End XCBuildConfiguration section */

/* Begin XCConfigurationList section */
		F6451A0A219AB22100DE90B1 /* Build configuration list for PBXProject "JLPushFlow" */ = {
			isa = XCConfigurationList;
			buildConfigurations = (
				F6451A2E219AB22300DE90B1 /* Debug */,
				F6451A2F219AB22300DE90B1 /* Release */,
			);
			defaultConfigurationIsVisible = 0;
			defaultConfigurationName = Release;
		};
		F6451A30219AB22300DE90B1 /* Build configuration list for PBXNativeTarget "JLPushFlow" */ = {
			isa = XCConfigurationList;
			buildConfigurations = (
				F6451A31219AB22300DE90B1 /* Debug */,
				F6451A32219AB22300DE90B1 /* Release */,
			);
			defaultConfigurationIsVisible = 0;
			defaultConfigurationName = Release;
		};
		F6451A33219AB22300DE90B1 /* Build configuration list for PBXNativeTarget "JLPushFlowUITests" */ = {
			isa = XCConfigurationList;
			buildConfigurations = (
				F6451A34219AB22300DE90B1 /* Debug */,
				F6451A35219AB22300DE90B1 /* Release */,
			);
			defaultConfigurationIsVisible = 0;
			defaultConfigurationName = Release;
		};
/* End XCConfigurationList section */
	};
	rootObject = F6451A07219AB22100DE90B1 /* Project object */;
}
